
Microsoft Visual Studio Solution File, Format Version 12.00
# Visual Studio Version 17
VisualStudioVersion = 17.5.33627.172
MinimumVisualStudioVersion = 10.0.40219.1
Project("{9A19103F-16F7-4668-BE54-9A1E7A4F7556}") = "Ferreteria", "Ferreteria\Ferreteria.csproj", "{08196420-6020-4ACA-842D-2E15C951FD44}"
EndProject
Project("{FAE04EC0-301F-11D3-BF4B-00C04F79EFBC}") = "DataAccess", "DataAccess\DataAccess.csproj", "{7CABA434-7985-473B-AE4F-4AC1BD1B22DC}"
EndProject
Global
	GlobalSection(SolutionConfigurationPlatforms) = preSolution
		Debug|Any CPU = Debug|Any CPU
		Release|Any CPU = Release|Any CPU
	EndGlobalSection
	GlobalSection(ProjectConfigurationPlatforms) = postSolution
		{08196420-6020-4ACA-842D-2E15C951FD44}.Debug|Any CPU.ActiveCfg = Debug|Any CPU
		{08196420-6020-4ACA-842D-2E15C951FD44}.Debug|Any CPU.Build.0 = Debug|Any CPU
		{08196420-6020-4ACA-842D-2E15C951FD44}.Release|Any CPU.ActiveCfg = Release|Any CPU
		{08196420-6020-4ACA-842D-2E15C951FD44}.Release|Any CPU.Build.0 = Release|Any CPU
		{7CABA434-7985-473B-AE4F-4AC1BD1B22DC}.Debug|Any CPU.ActiveCfg = Debug|Any CPU
		{7CABA434-7985-473B-AE4F-4AC1BD1B22DC}.Debug|Any CPU.Build.0 = Debug|Any CPU
		{7CABA434-7985-473B-AE4F-4AC1BD1B22DC}.Release|Any CPU.ActiveCfg = Release|Any CPU
		{7CABA434-7985-473B-AE4F-4AC1BD1B22DC}.Release|Any CPU.Build.0 = Release|Any CPU
	EndGlobalSection
	GlobalSection(SolutionProperties) = preSolution
		HideSolutionNode = FALSE
	EndGlobalSection
	GlobalSection(ExtensibilityGlobals) = postSolution
		SolutionGuid = {1E778FC3-F0E8-4F5F-9319-5E2AEB29F7F1}
	EndGlobalSection
EndGlobal
